
Microsoft Visual Studio Solution File, Format Version 12.00
# Visual Studio Version 16
VisualStudioVersion = 16.0.31025.218
MinimumVisualStudioVersion = 10.0.40219.1
Project("{FAE04EC0-301F-11D3-BF4B-00C04F79EFBC}") = "Sandbox.Plainer.UWP", "Sandbox.Plainer.UWP\Sandbox.Plainer.UWP.csproj", "{0CB5F8E6-3796-4E0D-830C-1A91BED9C4B9}"
EndProject
Project("{FAE04EC0-301F-11D3-BF4B-00C04F79EFBC}") = "Sandbox.Plainer.Android", "Sandbox.Plainer.Android\Sandbox.Plainer.Android.csproj", "{B506B238-4EE8-4835-94BD-51F2C3AA05BF}"
EndProject
Project("{FAE04EC0-301F-11D3-BF4B-00C04F79EFBC}") = "Sandbox.Plainer.iOS", "Sandbox.Plainer.iOS\Sandbox.Plainer.iOS.csproj", "{D256FFC9-F9C9-45CD-A1CC-663CAE824AA8}"
EndProject
Project("{FAE04EC0-301F-11D3-BF4B-00C04F79EFBC}") = "Sandbox.Plainer", "Sandbox.Plainer\Sandbox.Plainer.csproj", "{B812AC6A-F724-489C-B6D0-5089F863640C}"
EndProject
Global
	GlobalSection(SolutionConfigurationPlatforms) = preSolution
		Debug|Any CPU = Debug|Any CPU
		Debug|ARM = Debug|ARM
		Debug|iPhone = Debug|iPhone
		Debug|iPhoneSimulator = Debug|iPhoneSimulator
		Debug|x64 = Debug|x64
		Debug|x86 = Debug|x86
		Release|Any CPU = Release|Any CPU
		Release|ARM = Release|ARM
		Release|iPhone = Release|iPhone
		Release|iPhoneSimulator = Release|iPhoneSimulator
		Release|x64 = Release|x64
		Release|x86 = Release|x86
	EndGlobalSection
	GlobalSection(ProjectConfigurationPlatforms) = postSolution
		{0CB5F8E6-3796-4E0D-830C-1A91BED9C4B9}.Debug|Any CPU.ActiveCfg = Debug|x86
		{0CB5F8E6-3796-4E0D-830C-1A91BED9C4B9}.Debug|Any CPU.Build.0 = Debug|x86
		{0CB5F8E6-3796-4E0D-830C-1A91BED9C4B9}.Debug|Any CPU.Deploy.0 = Debug|x86
		{0CB5F8E6-3796-4E0D-830C-1A91BED9C4B9}.Debug|ARM.ActiveCfg = Debug|ARM
		{0CB5F8E6-3796-4E0D-830C-1A91BED9C4B9}.Debug|ARM.Build.0 = Debug|ARM
		{0CB5F8E6-3796-4E0D-830C-1A91BED9C4B9}.Debug|ARM.Deploy.0 = Debug|ARM
		{0CB5F8E6-3796-4E0D-830C-1A91BED9C4B9}.Debug|iPhone.ActiveCfg = Debug|x86
		{0CB5F8E6-3796-4E0D-830C-1A91BED9C4B9}.Debug|iPhone.Build.0 = Debug|x86
		{0CB5F8E6-3796-4E0D-830C-1A91BED9C4B9}.Debug|iPhone.Deploy.0 = Debug|x86
		{0CB5F8E6-3796-4E0D-830C-1A91BED9C4B9}.Debug|iPhoneSimulator.ActiveCfg = Debug|x86
		{0CB5F8E6-3796-4E0D-830C-1A91BED9C4B9}.Debug|iPhoneSimulator.Build.0 = Debug|x86
		{0CB5F8E6-3796-4E0D-830C-1A91BED9C4B9}.Debug|iPhoneSimulator.Deploy.0 = Debug|x86
		{0CB5F8E6-3796-4E0D-830C-1A91BED9C4B9}.Debug|x64.ActiveCfg = Debug|x64
		{0CB5F8E6-3796-4E0D-830C-1A91BED9C4B9}.Debug|x64.Build.0 = Debug|x64
		{0CB5F8E6-3796-4E0D-830C-1A91BED9C4B9}.Debug|x64.Deploy.0 = Debug|x64
		{0CB5F8E6-3796-4E0D-830C-1A91BED9C4B9}.Debug|x86.ActiveCfg = Debug|x86
		{0CB5F8E6-3796-4E0D-830C-1A91BED9C4B9}.Debug|x86.Build.0 = Debug|x86
		{0CB5F8E6-3796-4E0D-830C-1A91BED9C4B9}.Debug|x86.Deploy.0 = Debug|x86
		{0CB5F8E6-3796-4E0D-830C-1A91BED9C4B9}.Release|Any CPU.ActiveCfg = Release|x86
		{0CB5F8E6-3796-4E0D-830C-1A91BED9C4B9}.Release|Any CPU.Build.0 = Release|x86
		{0CB5F8E6-3796-4E0D-830C-1A91BED9C4B9}.Release|Any CPU.Deploy.0 = Release|x86
		{0CB5F8E6-3796-4E0D-830C-1A91BED9C4B9}.Release|ARM.ActiveCfg = Release|ARM
		{0CB5F8E6-3796-4E0D-830C-1A91BED9C4B9}.Release|ARM.Build.0 = Release|ARM
		{0CB5F8E6-3796-4E0D-830C-1A91BED9C4B9}.Release|ARM.Deploy.0 = Release|ARM
		{0CB5F8E6-3796-4E0D-830C-1A91BED9C4B9}.Release|iPhone.ActiveCfg = Release|x86
		{0CB5F8E6-3796-4E0D-830C-1A91BED9C4B9}.Release|iPhone.Build.0 = Release|x86
		{0CB5F8E6-3796-4E0D-830C-1A91BED9C4B9}.Release|iPhone.Deploy.0 = Release|x86
		{0CB5F8E6-3796-4E0D-830C-1A91BED9C4B9}.Release|iPhoneSimulator.ActiveCfg = Release|x86
		{0CB5F8E6-3796-4E0D-830C-1A91BED9C4B9}.Release|iPhoneSimulator.Build.0 = Release|x86
		{0CB5F8E6-3796-4E0D-830C-1A91BED9C4B9}.Release|iPhoneSimulator.Deploy.0 = Release|x86
		{0CB5F8E6-3796-4E0D-830C-1A91BED9C4B9}.Release|x64.ActiveCfg = Release|x64
		{0CB5F8E6-3796-4E0D-830C-1A91BED9C4B9}.Release|x64.Build.0 = Release|x64
		{0CB5F8E6-3796-4E0D-830C-1A91BED9C4B9}.Release|x64.Deploy.0 = Release|x64
		{0CB5F8E6-3796-4E0D-830C-1A91BED9C4B9}.Release|x86.ActiveCfg = Release|x86
		{0CB5F8E6-3796-4E0D-830C-1A91BED9C4B9}.Release|x86.Build.0 = Release|x86
		{0CB5F8E6-3796-4E0D-830C-1A91BED9C4B9}.Release|x86.Deploy.0 = Release|x86
		{B506B238-4EE8-4835-94BD-51F2C3AA05BF}.Debug|Any CPU.ActiveCfg = Debug|Any CPU
		{B506B238-4EE8-4835-94BD-51F2C3AA05BF}.Debug|Any CPU.Build.0 = Debug|Any CPU
		{B506B238-4EE8-4835-94BD-51F2C3AA05BF}.Debug|Any CPU.Deploy.0 = Debug|Any CPU
		{B506B238-4EE8-4835-94BD-51F2C3AA05BF}.Debug|ARM.ActiveCfg = Debug|Any CPU
		{B506B238-4EE8-4835-94BD-51F2C3AA05BF}.Debug|ARM.Build.0 = Debug|Any CPU
		{B506B238-4EE8-4835-94BD-51F2C3AA05BF}.Debug|ARM.Deploy.0 = Debug|Any CPU
		{B506B238-4EE8-4835-94BD-51F2C3AA05BF}.Debug|iPhone.ActiveCfg = Debug|Any CPU
		{B506B238-4EE8-4835-94BD-51F2C3AA05BF}.Debug|iPhone.Build.0 = Debug|Any CPU
		{B506B238-4EE8-4835-94BD-51F2C3AA05BF}.Debug|iPhone.Deploy.0 = Debug|Any CPU
		{B506B238-4EE8-4835-94BD-51F2C3AA05BF}.Debug|iPhoneSimulator.ActiveCfg = Debug|Any CPU
		{B506B238-4EE8-4835-94BD-51F2C3AA05BF}.Debug|iPhoneSimulator.Build.0 = Debug|Any CPU
		{B506B238-4EE8-4835-94BD-51F2C3AA05BF}.Debug|iPhoneSimulator.Deploy.0 = Debug|Any CPU
		{B506B238-4EE8-4835-94BD-51F2C3AA05BF}.Debug|x64.ActiveCfg = Debug|Any CPU
		{B506B238-4EE8-4835-94BD-51F2C3AA05BF}.Debug|x64.Build.0 = Debug|Any CPU
		{B506B238-4EE8-4835-94BD-51F2C3AA05BF}.Debug|x64.Deploy.0 = Debug|Any CPU
		{B506B238-4EE8-4835-94BD-51F2C3AA05BF}.Debug|x86.ActiveCfg = Debug|Any CPU
		{B506B238-4EE8-4835-94BD-51F2C3AA05BF}.Debug|x86.Build.0 = Debug|Any CPU
		{B506B238-4EE8-4835-94BD-51F2C3AA05BF}.Debug|x86.Deploy.0 = Debug|Any CPU
		{B506B238-4EE8-4835-94BD-51F2C3AA05BF}.Release|Any CPU.ActiveCfg = Release|Any CPU
		{B506B238-4EE8-4835-94BD-51F2C3AA05BF}.Release|Any CPU.Build.0 = Release|Any CPU
		{B506B238-4EE8-4835-94BD-51F2C3AA05BF}.Release|Any CPU.Deploy.0 = Release|Any CPU
		{B506B238-4EE8-4835-94BD-51F2C3AA05BF}.Release|ARM.ActiveCfg = Release|Any CPU
		{B506B238-4EE8-4835-94BD-51F2C3AA05BF}.Release|ARM.Build.0 = Release|Any CPU
		{B506B238-4EE8-4835-94BD-51F2C3AA05BF}.Release|ARM.Deploy.0 = Release|Any CPU
		{B506B238-4EE8-4835-94BD-51F2C3AA05BF}.Release|iPhone.ActiveCfg = Release|Any CPU
		{B506B238-4EE8-4835-94BD-51F2C3AA05BF}.Release|iPhone.Build.0 = Release|Any CPU
		{B506B238-4EE8-4835-94BD-51F2C3AA05BF}.Release|iPhone.Deploy.0 = Release|Any CPU
		{B506B238-4EE8-4835-94BD-51F2C3AA05BF}.Release|iPhoneSimulator.ActiveCfg = Release|Any CPU
		{B506B238-4EE8-4835-94BD-51F2C3AA05BF}.Release|iPhoneSimulator.Build.0 = Release|Any CPU
		{B506B238-4EE8-4835-94BD-51F2C3AA05BF}.Release|iPhoneSimulator.Deploy.0 = Release|Any CPU
		{B506B238-4EE8-4835-94BD-51F2C3AA05BF}.Release|x64.ActiveCfg = Release|Any CPU
		{B506B238-4EE8-4835-94BD-51F2C3AA05BF}.Release|x64.Build.0 = Release|Any CPU
		{B506B238-4EE8-4835-94BD-51F2C3AA05BF}.Release|x64.Deploy.0 = Release|Any CPU
		{B506B238-4EE8-4835-94BD-51F2C3AA05BF}.Release|x86.ActiveCfg = Release|Any CPU
		{B506B238-4EE8-4835-94BD-51F2C3AA05BF}.Release|x86.Build.0 = Release|Any CPU
		{B506B238-4EE8-4835-94BD-51F2C3AA05BF}.Release|x86.Deploy.0 = Release|Any CPU
		{D256FFC9-F9C9-45CD-A1CC-663CAE824AA8}.Debug|Any CPU.ActiveCfg = Debug|iPhoneSimulator
		{D256FFC9-F9C9-45CD-A1CC-663CAE824AA8}.Debug|Any CPU.Build.0 = Debug|iPhoneSimulator
		{D256FFC9-F9C9-45CD-A1CC-663CAE824AA8}.Debug|Any CPU.Deploy.0 = Debug|iPhoneSimulator
		{D256FFC9-F9C9-45CD-A1CC-663CAE824AA8}.Debug|ARM.ActiveCfg = Debug|iPhone
		{D256FFC9-F9C9-45CD-A1CC-663CAE824AA8}.Debug|ARM.Build.0 = Debug|iPhone
		{D256FFC9-F9C9-45CD-A1CC-663CAE824AA8}.Debug|ARM.Deploy.0 = Debug|iPhone
		{D256FFC9-F9C9-45CD-A1CC-663CAE824AA8}.Debug|iPhone.ActiveCfg = Debug|iPhone
		{D256FFC9-F9C9-45CD-A1CC-663CAE824AA8}.Debug|iPhone.Build.0 = Debug|iPhone
		{D256FFC9-F9C9-45CD-A1CC-663CAE824AA8}.Debug|iPhone.Deploy.0 = Debug|iPhone
		{D256FFC9-F9C9-45CD-A1CC-663CAE824AA8}.Debug|iPhoneSimulator.ActiveCfg = Debug|iPhoneSimulator
		{D256FFC9-F9C9-45CD-A1CC-663CAE824AA8}.Debug|iPhoneSimulator.Build.0 = Debug|iPhoneSimulator
		{D256FFC9-F9C9-45CD-A1CC-663CAE824AA8}.Debug|iPhoneSimulator.Deploy.0 = Debug|iPhoneSimulator
		{D256FFC9-F9C9-45CD-A1CC-663CAE824AA8}.Debug|x64.ActiveCfg = Debug|iPhoneSimulator
		{D256FFC9-F9C9-45CD-A1CC-663CAE824AA8}.Debug|x64.Build.0 = Debug|iPhoneSimulator
		{D256FFC9-F9C9-45CD-A1CC-663CAE824AA8}.Debug|x64.Deploy.0 = Debug|iPhoneSimulator
		{D256FFC9-F9C9-45CD-A1CC-663CAE824AA8}.Debug|x86.ActiveCfg = Debug|iPhoneSimulator
		{D256FFC9-F9C9-45CD-A1CC-663CAE824AA8}.Debug|x86.Build.0 = Debug|iPhoneSimulator
		{D256FFC9-F9C9-45CD-A1CC-663CAE824AA8}.Debug|x86.Deploy.0 = Debug|iPhoneSimulator
		{D256FFC9-F9C9-45CD-A1CC-663CAE824AA8}.Release|Any CPU.ActiveCfg = Release|iPhoneSimulator
		{D256FFC9-F9C9-45CD-A1CC-663CAE824AA8}.Release|Any CPU.Build.0 = Release|iPhoneSimulator
		{D256FFC9-F9C9-45CD-A1CC-663CAE824AA8}.Release|Any CPU.Deploy.0 = Release|iPhoneSimulator
		{D256FFC9-F9C9-45CD-A1CC-663CAE824AA8}.Release|ARM.ActiveCfg = Release|iPhoneSimulator
		{D256FFC9-F9C9-45CD-A1CC-663CAE824AA8}.Release|ARM.Build.0 = Release|iPhoneSimulator
		{D256FFC9-F9C9-45CD-A1CC-663CAE824AA8}.Release|ARM.Deploy.0 = Release|iPhoneSimulator
		{D256FFC9-F9C9-45CD-A1CC-663CAE824AA8}.Release|iPhone.ActiveCfg = Release|iPhone
		{D256FFC9-F9C9-45CD-A1CC-663CAE824AA8}.Release|iPhone.Build.0 = Release|iPhone
		{D256FFC9-F9C9-45CD-A1CC-663CAE824AA8}.Release|iPhone.Deploy.0 = Release|iPhone
		{D256FFC9-F9C9-45CD-A1CC-663CAE824AA8}.Release|iPhoneSimulator.ActiveCfg = Release|iPhoneSimulator
		{D256FFC9-F9C9-45CD-A1CC-663CAE824AA8}.Release|iPhoneSimulator.Build.0 = Release|iPhoneSimulator
		{D256FFC9-F9C9-45CD-A1CC-663CAE824AA8}.Release|iPhoneSimulator.Deploy.0 = Release|iPhoneSimulator
		{D256FFC9-F9C9-45CD-A1CC-663CAE824AA8}.Release|x64.ActiveCfg = Release|iPhoneSimulator
		{D256FFC9-F9C9-45CD-A1CC-663CAE824AA8}.Release|x64.Build.0 = Release|iPhoneSimulator
		{D256FFC9-F9C9-45CD-A1CC-663CAE824AA8}.Release|x64.Deploy.0 = Release|iPhoneSimulator
		{D256FFC9-F9C9-45CD-A1CC-663CAE824AA8}.Release|x86.ActiveCfg = Release|iPhoneSimulator
		{D256FFC9-F9C9-45CD-A1CC-663CAE824AA8}.Release|x86.Build.0 = Release|iPhoneSimulator
		{D256FFC9-F9C9-45CD-A1CC-663CAE824AA8}.Release|x86.Deploy.0 = Release|iPhoneSimulator
		{B812AC6A-F724-489C-B6D0-5089F863640C}.Debug|Any CPU.ActiveCfg = Debug|Any CPU
		{B812AC6A-F724-489C-B6D0-5089F863640C}.Debug|Any CPU.Build.0 = Debug|Any CPU
		{B812AC6A-F724-489C-B6D0-5089F863640C}.Debug|Any CPU.Deploy.0 = Debug|Any CPU
		{B812AC6A-F724-489C-B6D0-5089F863640C}.Debug|ARM.ActiveCfg = Debug|Any CPU
		{B812AC6A-F724-489C-B6D0-5089F863640C}.Debug|ARM.Build.0 = Debug|Any CPU
		{B812AC6A-F724-489C-B6D0-5089F863640C}.Debug|ARM.Deploy.0 = Debug|Any CPU
		{B812AC6A-F724-489C-B6D0-5089F863640C}.Debug|iPhone.ActiveCfg = Debug|Any CPU
		{B812AC6A-F724-489C-B6D0-5089F863640C}.Debug|iPhone.Build.0 = Debug|Any CPU
		{B812AC6A-F724-489C-B6D0-5089F863640C}.Debug|iPhone.Deploy.0 = Debug|Any CPU
		{B812AC6A-F724-489C-B6D0-5089F863640C}.Debug|iPhoneSimulator.ActiveCfg = Debug|Any CPU
		{B812AC6A-F724-489C-B6D0-5089F863640C}.Debug|iPhoneSimulator.Build.0 = Debug|Any CPU
		{B812AC6A-F724-489C-B6D0-5089F863640C}.Debug|iPhoneSimulator.Deploy.0 = Debug|Any CPU
		{B812AC6A-F724-489C-B6D0-5089F863640C}.Debug|x64.ActiveCfg = Debug|Any CPU
		{B812AC6A-F724-489C-B6D0-5089F863640C}.Debug|x64.Build.0 = Debug|Any CPU
		{B812AC6A-F724-489C-B6D0-5089F863640C}.Debug|x64.Deploy.0 = Debug|Any CPU
		{B812AC6A-F724-489C-B6D0-5089F863640C}.Debug|x86.ActiveCfg = Debug|Any CPU
		{B812AC6A-F724-489C-B6D0-5089F863640C}.Debug|x86.Build.0 = Debug|Any CPU
		{B812AC6A-F724-489C-B6D0-5089F863640C}.Debug|x86.Deploy.0 = Debug|Any CPU
		{B812AC6A-F724-489C-B6D0-5089F863640C}.Release|Any CPU.ActiveCfg = Release|Any CPU
		{B812AC6A-F724-489C-B6D0-5089F863640C}.Release|Any CPU.Build.0 = Release|Any CPU
		{B812AC6A-F724-489C-B6D0-5089F863640C}.Release|Any CPU.Deploy.0 = Release|Any CPU
		{B812AC6A-F724-489C-B6D0-5089F863640C}.Release|ARM.ActiveCfg = Release|Any CPU
		{B812AC6A-F724-489C-B6D0-5089F863640C}.Release|ARM.Build.0 = Release|Any CPU
		{B812AC6A-F724-489C-B6D0-5089F863640C}.Release|ARM.Deploy.0 = Release|Any CPU
		{B812AC6A-F724-489C-B6D0-5089F863640C}.Release|iPhone.ActiveCfg = Release|Any CPU
		{B812AC6A-F724-489C-B6D0-5089F863640C}.Release|iPhone.Build.0 = Release|Any CPU
		{B812AC6A-F724-489C-B6D0-5089F863640C}.Release|iPhone.Deploy.0 = Release|Any CPU
		{B812AC6A-F724-489C-B6D0-5089F863640C}.Release|iPhoneSimulator.ActiveCfg = Release|Any CPU
		{B812AC6A-F724-489C-B6D0-5089F863640C}.Release|iPhoneSimulator.Build.0 = Release|Any CPU
		{B812AC6A-F724-489C-B6D0-5089F863640C}.Release|iPhoneSimulator.Deploy.0 = Release|Any CPU
		{B812AC6A-F724-489C-B6D0-5089F863640C}.Release|x64.ActiveCfg = Release|Any CPU
		{B812AC6A-F724-489C-B6D0-5089F863640C}.Release|x64.Build.0 = Release|Any CPU
		{B812AC6A-F724-489C-B6D0-5089F863640C}.Release|x64.Deploy.0 = Release|Any CPU
		{B812AC6A-F724-489C-B6D0-5089F863640C}.Release|x86.ActiveCfg = Release|Any CPU
		{B812AC6A-F724-489C-B6D0-5089F863640C}.Release|x86.Build.0 = Release|Any CPU
		{B812AC6A-F724-489C-B6D0-5089F863640C}.Release|x86.Deploy.0 = Release|Any CPU
	EndGlobalSection
	GlobalSection(SolutionProperties) = preSolution
		HideSolutionNode = FALSE
	EndGlobalSection
	GlobalSection(ExtensibilityGlobals) = postSolution
		SolutionGuid = {D04787F0-AEE7-471B-8F60-B6BEF3332894}
	EndGlobalSection
EndGlobal
